
Microsoft Visual Studio Solution File, Format Version 12.00
# Visual Studio Version 16
VisualStudioVersion = 16.0.32126.315
MinimumVisualStudioVersion = 10.0.40219.1
Project("{FAE04EC0-301F-11D3-BF4B-00C04F79EFBC}") = "C_Sharp_.Net_Project", "C_Sharp_.Net_Project\C_Sharp_.Net_Project.csproj", "{76696320-63E1-4000-B7D8-E2CD3B682B4D}"
EndProject
Global
	GlobalSection(SolutionConfigurationPlatforms) = preSolution
		Debug|Any CPU = Debug|Any CPU
		Release|Any CPU = Release|Any CPU
	EndGlobalSection
	GlobalSection(ProjectConfigurationPlatforms) = postSolution
		{76696320-63E1-4000-B7D8-E2CD3B682B4D}.Debug|Any CPU.ActiveCfg = Debug|Any CPU
		{76696320-63E1-4000-B7D8-E2CD3B682B4D}.Debug|Any CPU.Build.0 = Debug|Any CPU
		{76696320-63E1-4000-B7D8-E2CD3B682B4D}.Release|Any CPU.ActiveCfg = Release|Any CPU
		{76696320-63E1-4000-B7D8-E2CD3B682B4D}.Release|Any CPU.Build.0 = Release|Any CPU
	EndGlobalSection
	GlobalSection(SolutionProperties) = preSolution
		HideSolutionNode = FALSE
	EndGlobalSection
	GlobalSection(ExtensibilityGlobals) = postSolution
		SolutionGuid = {40D6A163-D95C-417F-9238-E37207E9A240}
	EndGlobalSection
EndGlobal
